Microsoft Visual Studio Solution File, Format Version 12.00
# Visual Studio 14
VisualStudioVersion = 14.0.25420.1
MinimumVisualStudioVersion = 10.0.40219.1
Project("{FAE04EC0-301F-11D3-BF4B-00C04F79EFBC}") = "Droid", "Droid\Droid.csproj", "{FEB7908B-5567-4EB8-BE91-4F0AB92E22EF}"
EndProject
Project("{FAE04EC0-301F-11D3-BF4B-00C04F79EFBC}") = "Core", "Core\Core.csproj", "{35E7A968-2549-4ACD-888C-3D8247718D15}"
EndProject
Global
	GlobalSection(SolutionConfigurationPlatforms) = preSolution
		Debug|Any CPU = Debug|Any CPU
		Release|Any CPU = Release|Any CPU
	EndGlobalSection
	GlobalSection(ProjectConfigurationPlatforms) = postSolution
		{FEB7908B-5567-4EB8-BE91-4F0AB92E22EF}.Debug|Any CPU.ActiveCfg = Debug|Any CPU
		{FEB7908B-5567-4EB8-BE91-4F0AB92E22EF}.Debug|Any CPU.Build.0 = Debug|Any CPU
		{FEB7908B-5567-4EB8-BE91-4F0AB92E22EF}.Debug|Any CPU.Deploy.0 = Debug|Any CPU
		{FEB7908B-5567-4EB8-BE91-4F0AB92E22EF}.Release|Any CPU.ActiveCfg = Release|Any CPU
		{FEB7908B-5567-4EB8-BE91-4F0AB92E22EF}.Release|Any CPU.Build.0 = Release|Any CPU
		{35E7A968-2549-4ACD-888C-3D8247718D15}.Debug|Any CPU.ActiveCfg = Debug|Any CPU
		{35E7A968-2549-4ACD-888C-3D8247718D15}.Debug|Any CPU.Build.0 = Debug|Any CPU
		{35E7A968-2549-4ACD-888C-3D8247718D15}.Release|Any CPU.ActiveCfg = Release|Any CPU
		{35E7A968-2549-4ACD-888C-3D8247718D15}.Release|Any CPU.Build.0 = Release|Any CPU
	EndGlobalSection
	GlobalSection(SolutionProperties) = preSolution
		HideSolutionNode = FALSE
	EndGlobalSection
EndGlobal
